{
    "version": 4,
    "terraform_version": "1.5.0",
    "serial": 5,
    "lineage": "269e25d5-3588-7709-d91c-31182a8d6a8a",
    "outputs": {},
    "resources": [
      {
        "mode": "managed",
        "type": "aws_instance",
        "name": "db-server",
        "provider": "provider[\"registry.terraform.io/hashicorp/aws\"]",
        "instances": [
          {
            "schema_version": 1,
            "attributes": {
              "ami": "ami-068e73a48b3c5247a",
              "arn": "arn:aws:ec2:us-east-1:723991093784:instance/i-02e9f875f6ed16e28",
              "associate_public_ip_address": true,
              "availability_zone": "us-east-1a",
              "capacity_reservation_specification": [
                {
                  "capacity_reservation_preference": "open",
                  "capacity_reservation_target": []
                }
              ],
              "cpu_core_count": 1,
              "cpu_options": [
                {
                  "amd_sev_snp": "",
                  "core_count": 1,
                  "threads_per_core": 1
                }
              ],
              "cpu_threads_per_core": 1,
              "credit_specification": [
                {
                  "cpu_credits": "standard"
                }
              ],
              "disable_api_stop": false,
              "disable_api_termination": false,
              "ebs_block_device": [],
              "ebs_optimized": false,
              "enclave_options": [
                {
                  "enabled": false
                }
              ],
              "ephemeral_block_device": [],
              "get_password_data": false,
              "hibernation": false,
              "host_id": "",
              "host_resource_group_arn": null,
              "iam_instance_profile": "",
              "id": "i-02e9f875f6ed16e28",
              "instance_initiated_shutdown_behavior": "stop",
              "instance_state": "running",
              "instance_type": "t2.micro",
              "ipv6_address_count": 0,
              "ipv6_addresses": [],
              "key_name": "rijad-poracanin-web-server-key",
              "launch_template": [],
              "maintenance_options": [
                {
                  "auto_recovery": "default"
                }
              ],
              "metadata_options": [
                {
                  "http_endpoint": "enabled",
                  "http_put_response_hop_limit": 2,
                  "http_tokens": "required",
                  "instance_metadata_tags": "disabled"
                }
              ],
              "monitoring": false,
              "network_interface": [],
              "outpost_arn": "",
              "password_data": "",
              "placement_group": "",
              "placement_partition_number": 0,
              "primary_network_interface_id": "eni-0058d16ec6c27192d",
              "private_dns": "ip-172-31-88-11.ec2.internal",
              "private_dns_name_options": [
                {
                  "enable_resource_name_dns_a_record": false,
                  "enable_resource_name_dns_aaaa_record": false,
                  "hostname_type": "ip-name"
                }
              ],
              "private_ip": "172.31.88.11",
              "public_dns": "ec2-54-211-8-244.compute-1.amazonaws.com",
              "public_ip": "54.211.8.244",
              "root_block_device": [
                {
                  "delete_on_termination": true,
                  "device_name": "/dev/xvda",
                  "encrypted": false,
                  "iops": 3000,
                  "kms_key_id": "",
                  "tags": {},
                  "throughput": 125,
                  "volume_id": "vol-04c7ae9b761600ec9",
                  "volume_size": 8,
                  "volume_type": "gp3"
                }
              ],
              "secondary_private_ips": [],
              "security_groups": [
                "task-12-db-server-tf"
              ],
              "source_dest_check": true,
              "subnet_id": "subnet-095fcb90fd7a6dd92",
              "tags": {
                "CreatedBy": "rijad.poracanin",
                "IaC": "Terraform",
                "Name": "task-12-db-server-tf",
                "Project": "task-12"
              },
              "tags_all": {
                "CreatedBy": "rijad.poracanin",
                "IaC": "Terraform",
                "Name": "task-12-db-server-tf",
                "Project": "task-12"
              },
              "tenancy": "default",
              "timeouts": null,
              "user_data": null,
              "user_data_base64": null,
              "user_data_replace_on_change": false,
              "volume_tags": null,
              "vpc_security_group_ids": [
                "sg-09c69812586a15aaf"
              ]
            },
            "sensitive_attributes": [],
            "private": "eyJlMmJmYjczMC1lY2FhLTExZTYtOGY4OC0zNDM2M2JjN2M0YzAiOnsiY3JlYXRlIjo2MDAwMDAwMDAwMDAsImRlbGV0ZSI6MTIwMDAwMDAwMDAwMCwidXBkYXRlIjo2MDAwMDAwMDAwMDB9LCJzY2hlbWFfdmVyc2lvbiI6IjEifQ==",
            "dependencies": [
              "aws_security_group.db-server-sg"
            ]
          }
        ]
      },
      {
        "mode": "managed",
        "type": "aws_instance",
        "name": "web-server",
        "provider": "provider[\"registry.terraform.io/hashicorp/aws\"]",
        "instances": [
          {
            "schema_version": 1,
            "attributes": {
              "ami": "ami-068e73a48b3c5247a",
              "arn": "arn:aws:ec2:us-east-1:723991093784:instance/i-055d2277e3923aea9",
              "associate_public_ip_address": true,
              "availability_zone": "us-east-1a",
              "capacity_reservation_specification": [
                {
                  "capacity_reservation_preference": "open",
                  "capacity_reservation_target": []
                }
              ],
              "cpu_core_count": 1,
              "cpu_options": [
                {
                  "amd_sev_snp": "",
                  "core_count": 1,
                  "threads_per_core": 1
                }
              ],
              "cpu_threads_per_core": 1,
              "credit_specification": [
                {
                  "cpu_credits": "standard"
                }
              ],
              "disable_api_stop": false,
              "disable_api_termination": false,
              "ebs_block_device": [],
              "ebs_optimized": false,
              "enclave_options": [
                {
                  "enabled": false
                }
              ],
              "ephemeral_block_device": [],
              "get_password_data": false,
              "hibernation": false,
              "host_id": "",
              "host_resource_group_arn": null,
              "iam_instance_profile": "",
              "id": "i-055d2277e3923aea9",
              "instance_initiated_shutdown_behavior": "stop",
              "instance_state": "running",
              "instance_type": "t2.micro",
              "ipv6_address_count": 0,
              "ipv6_addresses": [],
              "key_name": "rijad-poracanin-web-server-key",
              "launch_template": [],
              "maintenance_options": [
                {
                  "auto_recovery": "default"
                }
              ],
              "metadata_options": [
                {
                  "http_endpoint": "enabled",
                  "http_put_response_hop_limit": 2,
                  "http_tokens": "required",
                  "instance_metadata_tags": "disabled"
                }
              ],
              "monitoring": false,
              "network_interface": [],
              "outpost_arn": "",
              "password_data": "",
              "placement_group": "",
              "placement_partition_number": 0,
              "primary_network_interface_id": "eni-0263cf7e6fee6aeac",
              "private_dns": "ip-172-31-90-190.ec2.internal",
              "private_dns_name_options": [
                {
                  "enable_resource_name_dns_a_record": false,
                  "enable_resource_name_dns_aaaa_record": false,
                  "hostname_type": "ip-name"
                }
              ],
              "private_ip": "172.31.90.190",
              "public_dns": "ec2-18-212-33-139.compute-1.amazonaws.com",
              "public_ip": "18.212.33.139",
              "root_block_device": [
                {
                  "delete_on_termination": true,
                  "device_name": "/dev/xvda",
                  "encrypted": false,
                  "iops": 3000,
                  "kms_key_id": "",
                  "tags": {},
                  "throughput": 125,
                  "volume_id": "vol-081d61ba2a74d8494",
                  "volume_size": 8,
                  "volume_type": "gp3"
                }
              ],
              "secondary_private_ips": [],
              "security_groups": [
                "task-12-web-server-tf"
              ],
              "source_dest_check": true,
              "subnet_id": "subnet-095fcb90fd7a6dd92",
              "tags": {
                "CreatedBy": "rijad.poracanin",
                "IaC": "Terraform",
                "Name": "task-12-web-server-tf",
                "Project": "task-12"
              },
              "tags_all": {
                "CreatedBy": "rijad.poracanin",
                "IaC": "Terraform",
                "Name": "task-12-web-server-tf",
                "Project": "task-12"
              },
              "tenancy": "default",
              "timeouts": null,
              "user_data": null,
              "user_data_base64": null,
              "user_data_replace_on_change": false,
              "volume_tags": null,
              "vpc_security_group_ids": [
                "sg-0cc2470436fca106b"
              ]
            },
            "sensitive_attributes": [],
            "private": "eyJlMmJmYjczMC1lY2FhLTExZTYtOGY4OC0zNDM2M2JjN2M0YzAiOnsiY3JlYXRlIjo2MDAwMDAwMDAwMDAsImRlbGV0ZSI6MTIwMDAwMDAwMDAwMCwidXBkYXRlIjo2MDAwMDAwMDAwMDB9LCJzY2hlbWFfdmVyc2lvbiI6IjEifQ==",
            "dependencies": [
              "aws_security_group.web-server-sg"
            ]
          }
        ]
      },
      {
        "mode": "managed",
        "type": "aws_security_group",
        "name": "db-server-sg",
        "provider": "provider[\"registry.terraform.io/hashicorp/aws\"]",
        "instances": [
          {
            "schema_version": 1,
            "attributes": {
              "arn": "arn:aws:ec2:us-east-1:723991093784:security-group/sg-09c69812586a15aaf",
              "description": "Database Server Security Group",
              "egress": [],
              "id": "sg-09c69812586a15aaf",
              "ingress": [
                {
                  "cidr_blocks": [
                    "0.0.0.0/0"
                  ],
                  "description": "",
                  "from_port": 22,
                  "ipv6_cidr_blocks": [],
                  "prefix_list_ids": [],
                  "protocol": "tcp",
                  "security_groups": [],
                  "self": false,
                  "to_port": 22
                },
                {
                  "cidr_blocks": [
                    "0.0.0.0/0"
                  ],
                  "description": "",
                  "from_port": 3306,
                  "ipv6_cidr_blocks": [],
                  "prefix_list_ids": [],
                  "protocol": "tcp",
                  "security_groups": [],
                  "self": false,
                  "to_port": 3306
                }
              ],
              "name": "task-12-db-server-tf",
              "name_prefix": "",
              "owner_id": "723991093784",
              "revoke_rules_on_delete": false,
              "tags": null,
              "tags_all": {},
              "timeouts": null,
              "vpc_id": "vpc-0a93ea58b134909d1"
            },
            "sensitive_attributes": [],
            "private": "eyJlMmJmYjczMC1lY2FhLTExZTYtOGY4OC0zNDM2M2JjN2M0YzAiOnsiY3JlYXRlIjo2MDAwMDAwMDAwMDAsImRlbGV0ZSI6OTAwMDAwMDAwMDAwfSwic2NoZW1hX3ZlcnNpb24iOiIxIn0="
          }
        ]
      },
      {
        "mode": "managed",
        "type": "aws_security_group",
        "name": "web-server-sg",
        "provider": "provider[\"registry.terraform.io/hashicorp/aws\"]",
        "instances": [
          {
            "schema_version": 1,
            "attributes": {
              "arn": "arn:aws:ec2:us-east-1:723991093784:security-group/sg-0cc2470436fca106b",
              "description": "Web Server Security Group",
              "egress": [],
              "id": "sg-0cc2470436fca106b",
              "ingress": [
                {
                  "cidr_blocks": [
                    "0.0.0.0/0"
                  ],
                  "description": "",
                  "from_port": 22,
                  "ipv6_cidr_blocks": [],
                  "prefix_list_ids": [],
                  "protocol": "tcp",
                  "security_groups": [],
                  "self": false,
                  "to_port": 22
                },
                {
                  "cidr_blocks": [
                    "0.0.0.0/0"
                  ],
                  "description": "",
                  "from_port": 80,
                  "ipv6_cidr_blocks": [],
                  "prefix_list_ids": [],
                  "protocol": "tcp",
                  "security_groups": [],
                  "self": false,
                  "to_port": 80
                }
              ],
              "name": "task-12-web-server-tf",
              "name_prefix": "",
              "owner_id": "723991093784",
              "revoke_rules_on_delete": false,
              "tags": null,
              "tags_all": {},
              "timeouts": null,
              "vpc_id": "vpc-0a93ea58b134909d1"
            },
            "sensitive_attributes": [],
            "private": "eyJlMmJmYjczMC1lY2FhLTExZTYtOGY4OC0zNDM2M2JjN2M0YzAiOnsiY3JlYXRlIjo2MDAwMDAwMDAwMDAsImRlbGV0ZSI6OTAwMDAwMDAwMDAwfSwic2NoZW1hX3ZlcnNpb24iOiIxIn0="
          }
        ]
      }
    ],
    "check_results": null
  }
  